{
    "_readme": [
        "This file locks the dependencies of your project to a known state",
        "Read more about it at http://getcomposer.org/doc/01-basic-usage.md#composer-lock-the-lock-file",
        "This file is @generated automatically"
    ],
    "hash": "59ddd080c831d70ab1c7ddccc77e5579",
    "packages": [
        {
            "name": "guzzle/guzzle",
            "version": "v3.9.2",
            "source": {
                "type": "git",
                "url": "https://github.com/guzzle/guzzle3.git",
                "reference": "54991459675c1a2924122afbb0e5609ade581155"
            },
            "dist": {
                "type": "zip",
                "url": "https://api.github.com/repos/guzzle/guzzle3/zipball/54991459675c1a2924122afbb0e5609ade581155",
                "reference": "54991459675c1a2924122afbb0e5609ade581155",
                "shasum": ""
            },
            "require": {
                "ext-curl": "*",
                "php": ">=5.3.3",
                "symfony/event-dispatcher": "~2.1"
            },
            "replace": {
                "guzzle/batch": "self.version",
                "guzzle/cache": "self.version",
                "guzzle/common": "self.version",
                "guzzle/http": "self.version",
                "guzzle/inflection": "self.version",
                "guzzle/iterator": "self.version",
                "guzzle/log": "self.version",
                "guzzle/parser": "self.version",
                "guzzle/plugin": "self.version",
                "guzzle/plugin-async": "self.version",
                "guzzle/plugin-backoff": "self.version",
                "guzzle/plugin-cache": "self.version",
                "guzzle/plugin-cookie": "self.version",
                "guzzle/plugin-curlauth": "self.version",
                "guzzle/plugin-error-response": "self.version",
                "guzzle/plugin-history": "self.version",
                "guzzle/plugin-log": "self.version",
                "guzzle/plugin-md5": "self.version",
                "guzzle/plugin-mock": "self.version",
                "guzzle/plugin-oauth": "self.version",
                "guzzle/service": "self.version",
                "guzzle/stream": "self.version"
            },
            "require-dev": {
                "doctrine/cache": "~1.3",
                "monolog/monolog": "~1.0",
                "phpunit/phpunit": "3.7.*",
                "psr/log": "~1.0",
                "symfony/class-loader": "~2.1",
                "zendframework/zend-cache": "2.*,<2.3",
                "zendframework/zend-log": "2.*,<2.3"
            },
            "type": "library",
            "extra": {
                "branch-alias": {
                    "dev-master": "3.9-dev"
                }
            },
            "autoload": {
                "psr-0": {
                    "Guzzle": "src/",
                    "Guzzle\\Tests": "tests/"
                }
            },
            "notification-url": "https://packagist.org/downloads/",
            "license": [
                "MIT"
            ],
            "authors": [
                {
                    "name": "Michael Dowling",
                    "email": "mtdowling@gmail.com",
                    "homepage": "https://github.com/mtdowling"
                },
                {
                    "name": "Guzzle Community",
                    "homepage": "https://github.com/guzzle/guzzle/contributors"
                }
            ],
            "description": "Guzzle is a PHP HTTP client library and framework for building RESTful web service clients",
            "homepage": "http://guzzlephp.org/",
            "keywords": [
                "client",
                "curl",
                "framework",
                "http",
                "http client",
                "rest",
                "web service"
            ],
            "time": "2014-08-11 04:32:36"
        },
        {
            "name": "league/oauth2-client",
            "version": "0.6.0",
            "source": {
                "type": "git",
                "url": "https://github.com/thephpleague/oauth2-client.git",
                "reference": "6629d503967cad624bfad45f30488d5c5929145e"
            },
            "dist": {
                "type": "zip",
                "url": "https://api.github.com/repos/thephpleague/oauth2-client/zipball/6629d503967cad624bfad45f30488d5c5929145e",
                "reference": "6629d503967cad624bfad45f30488d5c5929145e",
                "shasum": ""
            },
            "require": {
                "guzzle/guzzle": "~3.7",
                "php": ">=5.4.0"
            },
            "require-dev": {
                "mockery/mockery": "~0.9",
                "phpunit/phpunit": "~4.0",
                "squizlabs/php_codesniffer": "~1.5"
            },
            "type": "library",
            "extra": {
                "branch-alias": {
                    "dev-master": "0.5.x-dev"
                }
            },
            "autoload": {
                "psr-4": {
                    "League\\OAuth2\\Client\\": "src/"
                }
            },
            "notification-url": "https://packagist.org/downloads/",
            "license": [
                "MIT"
            ],
            "authors": [
                {
                    "name": "Alex Bilbie",
                    "email": "hello@alexbilbie.com",
                    "homepage": "http://www.alexbilbie.com",
                    "role": "Developer"
                }
            ],
            "description": "OAuth 2.0 Client Library",
            "keywords": [
                "Authentication",
                "SSO",
                "authorization",
                "identity",
                "idp",
                "oauth",
                "oauth2",
                "single sign on"
            ],
            "time": "2014-12-03 15:38:13"
        },
        {
            "name": "openclerk/config",
            "version": "dev-master",
            "source": {
                "type": "git",
                "url": "https://github.com/openclerk/config.git",
                "reference": "c86c7dc7567efbf406fd9ceb4252c80560e60bec"
            },
            "dist": {
                "type": "zip",
                "url": "https://api.github.com/repos/openclerk/config/zipball/c86c7dc7567efbf406fd9ceb4252c80560e60bec",
                "reference": "c86c7dc7567efbf406fd9ceb4252c80560e60bec",
                "shasum": ""
            },
            "type": "library",
            "autoload": {
                "psr-4": {
                    "Openclerk\\": "src"
                }
            },
            "support": {
                "source": "https://github.com/openclerk/config/tree/master",
                "issues": "https://github.com/openclerk/config/issues"
            },
            "time": "2014-12-08 02:13:51"
        },
        {
            "name": "openclerk/db",
            "version": "dev-master",
            "source": {
                "type": "git",
                "url": "https://github.com/openclerk/db.git",
                "reference": "54c2ecfe995b41891b8b235e53be284712e131f0"
            },
            "dist": {
                "type": "zip",
                "url": "https://api.github.com/repos/openclerk/db/zipball/54c2ecfe995b41891b8b235e53be284712e131f0",
                "reference": "54c2ecfe995b41891b8b235e53be284712e131f0",
                "shasum": ""
            },
            "type": "library",
            "autoload": {
                "psr-4": {
                    "Db\\": "src"
                }
            },
            "support": {
                "source": "https://github.com/openclerk/db/tree/master",
                "issues": "https://github.com/openclerk/db/issues"
            },
            "time": "2014-12-12 09:34:18"
        },
        {
            "name": "openclerk/emails",
            "version": "dev-master",
            "source": {
                "type": "git",
                "url": "https://github.com/openclerk/emails.git",
                "reference": "7be73dfedf304321c2cb9ff311bd078a70e3ef53"
            },
            "dist": {
                "type": "zip",
                "url": "https://api.github.com/repos/openclerk/emails/zipball/7be73dfedf304321c2cb9ff311bd078a70e3ef53",
                "reference": "7be73dfedf304321c2cb9ff311bd078a70e3ef53",
                "shasum": ""
            },
            "require": {
                "openclerk/config": "dev-master",
                "openclerk/events": "dev-master",
                "openclerk/templates": "dev-master",
                "pelago/emogrifier": ">=0.1",
                "phpmailer/phpmailer": ">=5.2.9",
                "soundasleep/html2text": ">=0.2.1"
            },
            "type": "library",
            "autoload": {
                "psr-4": {
                    "Emails\\": "src"
                }
            },
            "support": {
                "source": "https://github.com/openclerk/emails/tree/master",
                "issues": "https://github.com/openclerk/emails/issues"
            },
            "time": "2014-12-10 03:09:48"
        },
        {
            "name": "openclerk/events",
            "version": "dev-master",
            "source": {
                "type": "git",
                "url": "https://github.com/openclerk/events.git",
                "reference": "fcb0fa6968e0181a94b1a29e2df0186519658b50"
            },
            "dist": {
                "type": "zip",
                "url": "https://api.github.com/repos/openclerk/events/zipball/fcb0fa6968e0181a94b1a29e2df0186519658b50",
                "reference": "fcb0fa6968e0181a94b1a29e2df0186519658b50",
                "shasum": ""
            },
            "type": "library",
            "autoload": {
                "psr-4": {
                    "Openclerk\\": "src"
                }
            },
            "support": {
                "source": "https://github.com/openclerk/events/tree/master",
                "issues": "https://github.com/openclerk/events/issues"
            },
            "time": "2014-12-10 02:51:49"
        },
        {
            "name": "openclerk/exceptions",
            "version": "dev-master",
            "source": {
                "type": "git",
                "url": "https://github.com/openclerk/exceptions.git",
                "reference": "d02369b1965b20b039f2a91db6f932c0857634dd"
            },
            "dist": {
                "type": "zip",
                "url": "https://api.github.com/repos/openclerk/exceptions/zipball/d02369b1965b20b039f2a91db6f932c0857634dd",
                "reference": "d02369b1965b20b039f2a91db6f932c0857634dd",
                "shasum": ""
            },
            "require": {
                "openclerk/config": "dev-master",
                "openclerk/db": "dev-master",
                "openclerk/events": "dev-master"
            },
            "type": "library",
            "autoload": {
                "files": [
                    "functions.php"
                ],
                "psr-4": {
                    "Openclerk\\": "src"
                }
            },
            "support": {
                "source": "https://github.com/openclerk/exceptions/tree/master",
                "issues": "https://github.com/openclerk/exceptions/issues"
            },
            "time": "2014-12-12 10:26:29"
        },
        {
            "name": "openclerk/jobs",
            "version": "dev-master",
            "source": {
                "type": "git",
                "url": "https://github.com/openclerk/jobs.git",
                "reference": "c04a486e66c3a872bbd9532d714716c4dbf21162"
            },
            "dist": {
                "type": "zip",
                "url": "https://api.github.com/repos/openclerk/jobs/zipball/c04a486e66c3a872bbd9532d714716c4dbf21162",
                "reference": "c04a486e66c3a872bbd9532d714716c4dbf21162",
                "shasum": ""
            },
            "require": {
                "openclerk/db": "dev-master"
            },
            "type": "library",
            "autoload": {
                "psr-4": {
                    "Jobs\\": "src"
                }
            },
            "support": {
                "source": "https://github.com/openclerk/jobs/tree/master",
                "issues": "https://github.com/openclerk/jobs/issues"
            },
            "time": "2014-12-05 02:38:15"
        },
        {
            "name": "openclerk/pages",
            "version": "dev-master",
            "source": {
                "type": "git",
                "url": "https://github.com/openclerk/pages.git",
                "reference": "e0ea604d22910b76ed9544d909c4d33110f490c8"
            },
            "dist": {
                "type": "zip",
                "url": "https://api.github.com/repos/openclerk/pages/zipball/e0ea604d22910b76ed9544d909c4d33110f490c8",
                "reference": "e0ea604d22910b76ed9544d909c4d33110f490c8",
                "shasum": ""
            },
            "type": "library",
            "autoload": {
                "psr-4": {
                    "Pages\\": "src"
                }
            },
            "support": {
                "source": "https://github.com/openclerk/pages/tree/master",
                "issues": "https://github.com/openclerk/pages/issues"
            },
            "time": "2014-12-12 22:57:48"
        },
        {
            "name": "openclerk/routing",
            "version": "dev-master",
            "source": {
                "type": "git",
                "url": "https://github.com/openclerk/routing.git",
                "reference": "a3509db768422627694210dbfcb019fe1317f526"
            },
            "dist": {
                "type": "zip",
                "url": "https://api.github.com/repos/openclerk/routing/zipball/a3509db768422627694210dbfcb019fe1317f526",
                "reference": "a3509db768422627694210dbfcb019fe1317f526",
                "shasum": ""
            },
            "require": {
                "openclerk/config": "dev-master"
            },
            "require-dev": {
                "phpunit/phpunit": "4.0"
            },
            "type": "library",
            "autoload": {
                "files": [
                    "functions.php"
                ],
                "psr-4": {
                    "Openclerk\\": "src"
                }
            },
            "support": {
                "source": "https://github.com/openclerk/routing/tree/master",
                "issues": "https://github.com/openclerk/routing/issues"
            },
            "time": "2014-12-12 22:45:32"
        },
        {
            "name": "openclerk/templates",
            "version": "dev-master",
            "source": {
                "type": "git",
                "url": "https://github.com/openclerk/templates.git",
                "reference": "ff527b88bae3229a7cbb0561484fcb3da1968087"
            },
            "dist": {
                "type": "zip",
                "url": "https://api.github.com/repos/openclerk/templates/zipball/ff527b88bae3229a7cbb0561484fcb3da1968087",
                "reference": "ff527b88bae3229a7cbb0561484fcb3da1968087",
                "shasum": ""
            },
            "type": "library",
            "autoload": {
                "psr-4": {
                    "Openclerk\\": "src"
                }
            },
            "support": {
                "source": "https://github.com/openclerk/templates/tree/master",
                "issues": "https://github.com/openclerk/templates/issues"
            },
            "time": "2014-12-08 03:48:54"
        },
        {
            "name": "openclerk/users",
            "version": "dev-master",
            "source": {
                "type": "git",
                "url": "https://github.com/openclerk/users.git",
                "reference": "eaf94fcb624e17cb22759ff4c1bebda3afd9bb58"
            },
            "dist": {
                "type": "zip",
                "url": "https://api.github.com/repos/openclerk/users/zipball/eaf94fcb624e17cb22759ff4c1bebda3afd9bb58",
                "reference": "eaf94fcb624e17cb22759ff4c1bebda3afd9bb58",
                "shasum": ""
            },
            "require": {
                "league/oauth2-client": "~0.6",
                "openclerk/config": "dev-master",
                "openclerk/db": "dev-master",
                "openclerk/events": "dev-master",
                "soundasleep/lightopenid": "~0.1",
                "soundasleep/php-helpers": "dev-master"
            },
            "type": "library",
            "autoload": {
                "psr-4": {
                    "Users\\": "src"
                }
            },
            "support": {
                "source": "https://github.com/openclerk/users/tree/master",
                "issues": "https://github.com/openclerk/users/issues"
            },
            "time": "2014-12-12 10:24:17"
        },
        {
            "name": "pelago/emogrifier",
            "version": "v0.1",
            "source": {
                "type": "git",
                "url": "https://github.com/jjriv/emogrifier.git",
                "reference": "229fba489439f5606d816b0a13146971817e9bf4"
            },
            "dist": {
                "type": "zip",
                "url": "https://api.github.com/repos/jjriv/emogrifier/zipball/229fba489439f5606d816b0a13146971817e9bf4",
                "reference": "229fba489439f5606d816b0a13146971817e9bf4",
                "shasum": ""
            },
            "require": {
                "ext-mbstring": "*",
                "php": ">=5.3.0"
            },
            "require-dev": {
                "phpunit/phpunit": "4.0.*",
                "squizlabs/php_codesniffer": "1.5.*",
                "typo3-ci/typo3sniffpool": "dev-master"
            },
            "type": "library",
            "autoload": {
                "psr-4": {
                    "Pelago\\": "Classes/"
                }
            },
            "notification-url": "https://packagist.org/downloads/",
            "license": [
                "MIT"
            ],
            "authors": [
                {
                    "name": "John Reeve",
                    "email": "jreeve@pelagodesign.com"
                },
                {
                    "name": "Cameron Brooks"
                },
                {
                    "name": "Jaime Prado"
                },
                {
                    "name": "Oliver Klee",
                    "email": "typo3-coding@oliverklee.de"
                },
                {
                    "name": "Roman Ožana",
                    "email": "ozana@omdesign.cz"
                }
            ],
            "description": "Converts CSS styles into inline style attributes in your HTML code",
            "homepage": "http://www.pelagodesign.com/sidecar/emogrifier/",
            "time": "2014-10-30 16:45:48"
        },
        {
            "name": "phpmailer/phpmailer",
            "version": "v5.2.9",
            "source": {
                "type": "git",
                "url": "https://github.com/PHPMailer/PHPMailer.git",
                "reference": "73b61679809615850706f1dbf88e6df2ddc05745"
            },
            "dist": {
                "type": "zip",
                "url": "https://api.github.com/repos/PHPMailer/PHPMailer/zipball/73b61679809615850706f1dbf88e6df2ddc05745",
                "reference": "73b61679809615850706f1dbf88e6df2ddc05745",
                "shasum": ""
            },
            "require": {
                "php": ">=5.0.0"
            },
            "require-dev": {
                "phpdocumentor/phpdocumentor": "*",
                "phpunit/phpunit": "4.1.*"
            },
            "type": "library",
            "autoload": {
                "classmap": [
                    "class.phpmailer.php",
                    "class.pop3.php",
                    "class.smtp.php"
                ]
            },
            "notification-url": "https://packagist.org/downloads/",
            "license": [
                "LGPL-2.1"
            ],
            "authors": [
                {
                    "name": "Jim Jagielski",
                    "email": "jimjag@gmail.com"
                },
                {
                    "name": "Marcus Bointon",
                    "email": "phpmailer@synchromedia.co.uk"
                },
                {
                    "name": "Andy Prevost",
                    "email": "codeworxtech@users.sourceforge.net"
                },
                {
                    "name": "Brent R. Matzelle"
                }
            ],
            "description": "PHPMailer is a full-featured email creation and transfer class for PHP",
            "time": "2014-09-26 18:33:30"
        },
        {
            "name": "soundasleep/component-discovery",
            "version": "dev-master",
            "source": {
                "type": "git",
                "url": "https://github.com/soundasleep/component-discovery.git",
                "reference": "b3e4cbae7de8a38fa973e0f18d125ee87bc1c29b"
            },
            "dist": {
                "type": "zip",
                "url": "https://api.github.com/repos/soundasleep/component-discovery/zipball/b3e4cbae7de8a38fa973e0f18d125ee87bc1c29b",
                "reference": "b3e4cbae7de8a38fa973e0f18d125ee87bc1c29b",
                "shasum": ""
            },
            "type": "library",
            "autoload": {
                "psr-4": {
                    "ComponentDiscovery\\": "src"
                }
            },
            "support": {
                "source": "https://github.com/soundasleep/component-discovery/tree/master",
                "issues": "https://github.com/soundasleep/component-discovery/issues"
            },
            "time": "2014-12-08 02:55:38"
        },
        {
            "name": "soundasleep/html2text",
            "version": "0.2.1",
            "source": {
                "type": "git",
                "url": "https://github.com/soundasleep/html2text.git",
                "reference": "9197a3b4ed28e441ec479e15c22879ceaff32fee"
            },
            "dist": {
                "type": "zip",
                "url": "https://api.github.com/repos/soundasleep/html2text/zipball/9197a3b4ed28e441ec479e15c22879ceaff32fee",
                "reference": "9197a3b4ed28e441ec479e15c22879ceaff32fee",
                "shasum": ""
            },
            "require": {
                "php": ">=5.3.2"
            },
            "type": "library",
            "autoload": {
                "psr-4": {
                    "Html2Text\\": "src"
                }
            },
            "notification-url": "https://packagist.org/downloads/",
            "license": [
                "EPL-1.0"
            ],
            "authors": [
                {
                    "name": "Jevon Wright",
                    "homepage": "https://jevon.org",
                    "role": "Developer"
                }
            ],
            "description": "A PHP script to convert HTML into a plain text format",
            "homepage": "https://github.com/soundasleep/html2text",
            "keywords": [
                "email",
                "html",
                "php",
                "text"
            ],
            "time": "2014-12-10 03:06:54"
        },
        {
            "name": "soundasleep/lightopenid",
            "version": "0.1.0",
            "source": {
                "type": "git",
                "url": "https://github.com/soundasleep/lightopenid.git",
                "reference": "ad2860b94c4410b331317095b15020664ba126c2"
            },
            "dist": {
                "type": "zip",
                "url": "https://api.github.com/repos/soundasleep/lightopenid/zipball/ad2860b94c4410b331317095b15020664ba126c2",
                "reference": "ad2860b94c4410b331317095b15020664ba126c2",
                "shasum": ""
            },
            "require": {
                "php": ">=5.2.3"
            },
            "type": "library",
            "autoload": {
                "classmap": [
                    "./"
                ]
            },
            "notification-url": "https://packagist.org/downloads/",
            "license": [
                "MIT"
            ],
            "description": "A PHP 5 library for easy openid authentication.",
            "homepage": "http://code.google.com/p/lightopenid/",
            "keywords": [
                "OpenId"
            ],
            "time": "2014-12-08 02:57:33"
        },
        {
            "name": "soundasleep/php-helpers",
            "version": "dev-master",
            "source": {
                "type": "git",
                "url": "https://github.com/soundasleep/php-helpers.git",
                "reference": "1d3b37df24036933402d4b7e78455d5f13118665"
            },
            "dist": {
                "type": "zip",
                "url": "https://api.github.com/repos/soundasleep/php-helpers/zipball/1d3b37df24036933402d4b7e78455d5f13118665",
                "reference": "1d3b37df24036933402d4b7e78455d5f13118665",
                "shasum": ""
            },
            "type": "library",
            "autoload": {
                "files": [
                    "functions.php"
                ]
            },
            "support": {
                "source": "https://github.com/soundasleep/php-helpers/tree/master",
                "issues": "https://github.com/soundasleep/php-helpers/issues"
            },
            "time": "2014-12-12 09:09:36"
        },
        {
            "name": "symfony/event-dispatcher",
            "version": "v2.6.1",
            "target-dir": "Symfony/Component/EventDispatcher",
            "source": {
                "type": "git",
                "url": "https://github.com/symfony/EventDispatcher.git",
                "reference": "720fe9bca893df7ad1b4546649473b5afddf0216"
            },
            "dist": {
                "type": "zip",
                "url": "https://api.github.com/repos/symfony/EventDispatcher/zipball/720fe9bca893df7ad1b4546649473b5afddf0216",
                "reference": "720fe9bca893df7ad1b4546649473b5afddf0216",
                "shasum": ""
            },
            "require": {
                "php": ">=5.3.3"
            },
            "require-dev": {
                "psr/log": "~1.0",
                "symfony/config": "~2.0",
                "symfony/dependency-injection": "~2.6",
                "symfony/expression-language": "~2.6",
                "symfony/stopwatch": "~2.2"
            },
            "suggest": {
                "symfony/dependency-injection": "",
                "symfony/http-kernel": ""
            },
            "type": "library",
            "extra": {
                "branch-alias": {
                    "dev-master": "2.6-dev"
                }
            },
            "autoload": {
                "psr-0": {
                    "Symfony\\Component\\EventDispatcher\\": ""
                }
            },
            "notification-url": "https://packagist.org/downloads/",
            "license": [
                "MIT"
            ],
            "authors": [
                {
                    "name": "Symfony Community",
                    "homepage": "http://symfony.com/contributors"
                },
                {
                    "name": "Fabien Potencier",
                    "email": "fabien@symfony.com"
                }
            ],
            "description": "Symfony EventDispatcher Component",
            "homepage": "http://symfony.com",
            "time": "2014-12-02 20:19:20"
        }
    ],
    "packages-dev": [],
    "aliases": [],
    "minimum-stability": "stable",
    "stability-flags": {
        "soundasleep/component-discovery": 20,
        "openclerk/config": 20,
        "openclerk/users": 20,
        "openclerk/db": 20,
        "openclerk/jobs": 20,
        "soundasleep/php-helpers": 20,
        "openclerk/templates": 20,
        "openclerk/emails": 20,
        "openclerk/events": 20,
        "openclerk/exceptions": 20,
        "openclerk/routing": 20,
        "openclerk/pages": 20
    },
    "prefer-stable": false,
    "platform": [],
    "platform-dev": []
}
