{
    "_readme": [
        "This file locks the dependencies of your project to a known state",
        "Read more about it at http://getcomposer.org/doc/01-basic-usage.md#composer-lock-the-lock-file",
        "This file is @generated automatically"
    ],
    "hash": "fcb06497eafd95b20557060708917129",
    "packages": [
        {
            "name": "guzzle/guzzle",
            "version": "v3.9.2",
            "source": {
                "type": "git",
                "url": "https://github.com/guzzle/guzzle3.git",
                "reference": "54991459675c1a2924122afbb0e5609ade581155"
            },
            "dist": {
                "type": "zip",
                "url": "https://api.github.com/repos/guzzle/guzzle3/zipball/54991459675c1a2924122afbb0e5609ade581155",
                "reference": "54991459675c1a2924122afbb0e5609ade581155",
                "shasum": ""
            },
            "require": {
                "ext-curl": "*",
                "php": ">=5.3.3",
                "symfony/event-dispatcher": "~2.1"
            },
            "replace": {
                "guzzle/batch": "self.version",
                "guzzle/cache": "self.version",
                "guzzle/common": "self.version",
                "guzzle/http": "self.version",
                "guzzle/inflection": "self.version",
                "guzzle/iterator": "self.version",
                "guzzle/log": "self.version",
                "guzzle/parser": "self.version",
                "guzzle/plugin": "self.version",
                "guzzle/plugin-async": "self.version",
                "guzzle/plugin-backoff": "self.version",
                "guzzle/plugin-cache": "self.version",
                "guzzle/plugin-cookie": "self.version",
                "guzzle/plugin-curlauth": "self.version",
                "guzzle/plugin-error-response": "self.version",
                "guzzle/plugin-history": "self.version",
                "guzzle/plugin-log": "self.version",
                "guzzle/plugin-md5": "self.version",
                "guzzle/plugin-mock": "self.version",
                "guzzle/plugin-oauth": "self.version",
                "guzzle/service": "self.version",
                "guzzle/stream": "self.version"
            },
            "require-dev": {
                "doctrine/cache": "~1.3",
                "monolog/monolog": "~1.0",
                "phpunit/phpunit": "3.7.*",
                "psr/log": "~1.0",
                "symfony/class-loader": "~2.1",
                "zendframework/zend-cache": "2.*,<2.3",
                "zendframework/zend-log": "2.*,<2.3"
            },
            "type": "library",
            "extra": {
                "branch-alias": {
                    "dev-master": "3.9-dev"
                }
            },
            "autoload": {
                "psr-0": {
                    "Guzzle": "src/",
                    "Guzzle\\Tests": "tests/"
                }
            },
            "notification-url": "https://packagist.org/downloads/",
            "license": [
                "MIT"
            ],
            "authors": [
                {
                    "name": "Michael Dowling",
                    "email": "mtdowling@gmail.com",
                    "homepage": "https://github.com/mtdowling"
                },
                {
                    "name": "Guzzle Community",
                    "homepage": "https://github.com/guzzle/guzzle/contributors"
                }
            ],
            "description": "Guzzle is a PHP HTTP client library and framework for building RESTful web service clients",
            "homepage": "http://guzzlephp.org/",
            "keywords": [
                "client",
                "curl",
                "framework",
                "http",
                "http client",
                "rest",
                "web service"
            ],
            "time": "2014-08-11 04:32:36"
        },
        {
            "name": "league/oauth2-client",
            "version": "0.6.0",
            "source": {
                "type": "git",
                "url": "https://github.com/thephpleague/oauth2-client.git",
                "reference": "6629d503967cad624bfad45f30488d5c5929145e"
            },
            "dist": {
                "type": "zip",
                "url": "https://api.github.com/repos/thephpleague/oauth2-client/zipball/6629d503967cad624bfad45f30488d5c5929145e",
                "reference": "6629d503967cad624bfad45f30488d5c5929145e",
                "shasum": ""
            },
            "require": {
                "guzzle/guzzle": "~3.7",
                "php": ">=5.4.0"
            },
            "require-dev": {
                "mockery/mockery": "~0.9",
                "phpunit/phpunit": "~4.0",
                "squizlabs/php_codesniffer": "~1.5"
            },
            "type": "library",
            "extra": {
                "branch-alias": {
                    "dev-master": "0.5.x-dev"
                }
            },
            "autoload": {
                "psr-4": {
                    "League\\OAuth2\\Client\\": "src/"
                }
            },
            "notification-url": "https://packagist.org/downloads/",
            "license": [
                "MIT"
            ],
            "authors": [
                {
                    "name": "Alex Bilbie",
                    "email": "hello@alexbilbie.com",
                    "homepage": "http://www.alexbilbie.com",
                    "role": "Developer"
                }
            ],
            "description": "OAuth 2.0 Client Library",
            "keywords": [
                "Authentication",
                "SSO",
                "authorization",
                "identity",
                "idp",
                "oauth",
                "oauth2",
                "single sign on"
            ],
            "time": "2014-12-03 15:38:13"
        },
        {
            "name": "openclerk/config",
            "version": "dev-master",
            "source": {
                "type": "git",
                "url": "https://github.com/openclerk/config.git",
                "reference": "c86c7dc7567efbf406fd9ceb4252c80560e60bec"
            },
            "dist": {
                "type": "zip",
                "url": "https://api.github.com/repos/openclerk/config/zipball/c86c7dc7567efbf406fd9ceb4252c80560e60bec",
                "reference": "c86c7dc7567efbf406fd9ceb4252c80560e60bec",
                "shasum": ""
            },
            "type": "library",
            "autoload": {
                "psr-4": {
                    "Openclerk\\": "src"
                }
            },
            "support": {
                "source": "https://github.com/openclerk/config/tree/master",
                "issues": "https://github.com/openclerk/config/issues"
            },
            "time": "2014-12-08 02:13:51"
        },
        {
            "name": "openclerk/db",
            "version": "dev-master",
            "source": {
                "type": "git",
                "url": "https://github.com/openclerk/db.git",
                "reference": "bed01065da9dbe7f34c8be15d14f2a6c7697a3e1"
            },
            "dist": {
                "type": "zip",
                "url": "https://api.github.com/repos/openclerk/db/zipball/bed01065da9dbe7f34c8be15d14f2a6c7697a3e1",
                "reference": "bed01065da9dbe7f34c8be15d14f2a6c7697a3e1",
                "shasum": ""
            },
            "type": "library",
            "autoload": {
                "psr-4": {
                    "Db\\": "src"
                }
            },
            "support": {
                "source": "https://github.com/openclerk/db/tree/master",
                "issues": "https://github.com/openclerk/db/issues"
            },
            "time": "2014-12-08 02:13:36"
        },
        {
            "name": "openclerk/jobs",
            "version": "dev-master",
            "source": {
                "type": "git",
                "url": "https://github.com/openclerk/jobs.git",
                "reference": "c04a486e66c3a872bbd9532d714716c4dbf21162"
            },
            "dist": {
                "type": "zip",
                "url": "https://api.github.com/repos/openclerk/jobs/zipball/c04a486e66c3a872bbd9532d714716c4dbf21162",
                "reference": "c04a486e66c3a872bbd9532d714716c4dbf21162",
                "shasum": ""
            },
            "require": {
                "openclerk/db": "dev-master"
            },
            "type": "library",
            "autoload": {
                "psr-4": {
                    "Jobs\\": "src"
                }
            },
            "support": {
                "source": "https://github.com/openclerk/jobs/tree/master",
                "issues": "https://github.com/openclerk/jobs/issues"
            },
            "time": "2014-12-05 02:38:15"
        },
        {
            "name": "openclerk/users",
            "version": "dev-master",
            "source": {
                "type": "git",
                "url": "https://github.com/openclerk/users.git",
                "reference": "42b5be7793f2a16c7e2326550ec7e975a2b05208"
            },
            "dist": {
                "type": "zip",
                "url": "https://api.github.com/repos/openclerk/users/zipball/42b5be7793f2a16c7e2326550ec7e975a2b05208",
                "reference": "42b5be7793f2a16c7e2326550ec7e975a2b05208",
                "shasum": ""
            },
            "require": {
                "league/oauth2-client": "~0.6",
                "openclerk/config": "dev-master",
                "openclerk/db": "dev-master",
                "soundasleep/lightopenid": "~0.1",
                "soundasleep/php-helpers": "dev-master"
            },
            "type": "library",
            "autoload": {
                "psr-4": {
                    "Users\\": "src"
                }
            },
            "support": {
                "source": "https://github.com/openclerk/users/tree/master",
                "issues": "https://github.com/openclerk/users/issues"
            },
            "time": "2014-12-08 03:10:15"
        },
        {
            "name": "soundasleep/component-discovery",
            "version": "dev-master",
            "source": {
                "type": "git",
                "url": "https://github.com/soundasleep/component-discovery.git",
                "reference": "b3e4cbae7de8a38fa973e0f18d125ee87bc1c29b"
            },
            "dist": {
                "type": "zip",
                "url": "https://api.github.com/repos/soundasleep/component-discovery/zipball/b3e4cbae7de8a38fa973e0f18d125ee87bc1c29b",
                "reference": "b3e4cbae7de8a38fa973e0f18d125ee87bc1c29b",
                "shasum": ""
            },
            "type": "library",
            "autoload": {
                "psr-4": {
                    "ComponentDiscovery\\": "src"
                }
            },
            "support": {
                "source": "https://github.com/soundasleep/component-discovery/tree/master",
                "issues": "https://github.com/soundasleep/component-discovery/issues"
            },
            "time": "2014-12-08 02:55:38"
        },
        {
            "name": "soundasleep/lightopenid",
            "version": "0.1.0",
            "source": {
                "type": "git",
                "url": "https://github.com/soundasleep/lightopenid.git",
                "reference": "ad2860b94c4410b331317095b15020664ba126c2"
            },
            "dist": {
                "type": "zip",
                "url": "https://api.github.com/repos/soundasleep/lightopenid/zipball/ad2860b94c4410b331317095b15020664ba126c2",
                "reference": "ad2860b94c4410b331317095b15020664ba126c2",
                "shasum": ""
            },
            "require": {
                "php": ">=5.2.3"
            },
            "type": "library",
            "autoload": {
                "classmap": [
                    "./"
                ]
            },
            "notification-url": "https://packagist.org/downloads/",
            "license": [
                "MIT"
            ],
            "description": "A PHP 5 library for easy openid authentication.",
            "homepage": "http://code.google.com/p/lightopenid/",
            "keywords": [
                "OpenId"
            ],
            "time": "2014-12-08 02:57:33"
        },
        {
            "name": "soundasleep/php-helpers",
            "version": "dev-master",
            "source": {
                "type": "git",
                "url": "https://github.com/soundasleep/php-helpers.git",
                "reference": "b4ca857d82eac9c70e6016d2d6f3371a797d9433"
            },
            "dist": {
                "type": "zip",
                "url": "https://api.github.com/repos/soundasleep/php-helpers/zipball/b4ca857d82eac9c70e6016d2d6f3371a797d9433",
                "reference": "b4ca857d82eac9c70e6016d2d6f3371a797d9433",
                "shasum": ""
            },
            "type": "library",
            "autoload": {
                "files": [
                    "functions.php"
                ]
            },
            "support": {
                "source": "https://github.com/soundasleep/php-helpers/tree/master",
                "issues": "https://github.com/soundasleep/php-helpers/issues"
            },
            "time": "2014-12-08 02:27:48"
        },
        {
            "name": "symfony/event-dispatcher",
            "version": "v2.6.1",
            "target-dir": "Symfony/Component/EventDispatcher",
            "source": {
                "type": "git",
                "url": "https://github.com/symfony/EventDispatcher.git",
                "reference": "720fe9bca893df7ad1b4546649473b5afddf0216"
            },
            "dist": {
                "type": "zip",
                "url": "https://api.github.com/repos/symfony/EventDispatcher/zipball/720fe9bca893df7ad1b4546649473b5afddf0216",
                "reference": "720fe9bca893df7ad1b4546649473b5afddf0216",
                "shasum": ""
            },
            "require": {
                "php": ">=5.3.3"
            },
            "require-dev": {
                "psr/log": "~1.0",
                "symfony/config": "~2.0",
                "symfony/dependency-injection": "~2.6",
                "symfony/expression-language": "~2.6",
                "symfony/stopwatch": "~2.2"
            },
            "suggest": {
                "symfony/dependency-injection": "",
                "symfony/http-kernel": ""
            },
            "type": "library",
            "extra": {
                "branch-alias": {
                    "dev-master": "2.6-dev"
                }
            },
            "autoload": {
                "psr-0": {
                    "Symfony\\Component\\EventDispatcher\\": ""
                }
            },
            "notification-url": "https://packagist.org/downloads/",
            "license": [
                "MIT"
            ],
            "authors": [
                {
                    "name": "Symfony Community",
                    "homepage": "http://symfony.com/contributors"
                },
                {
                    "name": "Fabien Potencier",
                    "email": "fabien@symfony.com"
                }
            ],
            "description": "Symfony EventDispatcher Component",
            "homepage": "http://symfony.com",
            "time": "2014-12-02 20:19:20"
        }
    ],
    "packages-dev": [],
    "aliases": [],
    "minimum-stability": "stable",
    "stability-flags": {
        "soundasleep/component-discovery": 20,
        "openclerk/config": 20,
        "openclerk/users": 20,
        "openclerk/db": 20,
        "openclerk/jobs": 20,
        "soundasleep/php-helpers": 20
    },
    "prefer-stable": false,
    "platform": [],
    "platform-dev": []
}
